// !$*UTF8*$!
{
	archiveVersion = 1;
	classes = {
	};
	objectVersion = 50;
	objects = {

/* Begin PBXBuildFile section */
		E50B29E42093459A004141BB /* mainPage.swift in Sources */ = {isa = PBXBuildFile; fileRef = E50B29E32093459A004141BB /* mainPage.swift */; };
		E50B29E620936891004141BB /* pinterestLayout.swift in Sources */ = {isa = PBXBuildFile; fileRef = E50B29E520936891004141BB /* pinterestLayout.swift */; };
		E50B29E820936942004141BB /* userProfilePage.swift in Sources */ = {isa = PBXBuildFile; fileRef = E50B29E720936942004141BB /* userProfilePage.swift */; };
		E50B29EA20936B91004141BB /* structFiles.swift in Sources */ = {isa = PBXBuildFile; fileRef = E50B29E920936B91004141BB /* structFiles.swift */; };
		E57D2DF02095A07000CC72F9 /* Reachability.swift in Sources */ = {isa = PBXBuildFile; fileRef = E57D2DEF2095A07000CC72F9 /* Reachability.swift */; };
		E5D3FE1B20A74FB100AD7B5C /* userPage.swift in Sources */ = {isa = PBXBuildFile; fileRef = E5D3FE1A20A74FB100AD7B5C /* userPage.swift */; };
		E5DF1F5220960BBA00590ECC /* extension.swift in Sources */ = {isa = PBXBuildFile; fileRef = E5DF1F5120960BBA00590ECC /* extension.swift */; };
		E5DF1F542096499800590ECC /* presentImageViewController.swift in Sources */ = {isa = PBXBuildFile; fileRef = E5DF1F532096499800590ECC /* presentImageViewController.swift */; };
		E5EC3E1F209339380014A5CE /* AppDelegate.swift in Sources */ = {isa = PBXBuildFile; fileRef = E5EC3E1E209339380014A5CE /* AppDelegate.swift */; };
		E5EC3E21209339380014A5CE /* ViewController.swift in Sources */ = {isa = PBXBuildFile; fileRef = E5EC3E20209339380014A5CE /* ViewController.swift */; };
		E5EC3E27209339380014A5CE /* pinterestUnsplash.xcdatamodeld in Sources */ = {isa = PBXBuildFile; fileRef = E5EC3E25209339380014A5CE /* pinterestUnsplash.xcdatamodeld */; };
		E5EC3E292093393B0014A5CE /* Assets.xcassets in Resources */ = {isa = PBXBuildFile; fileRef = E5EC3E282093393B0014A5CE /* Assets.xcassets */; };
		E5EC3E2C2093393B0014A5CE /* LaunchScreen.storyboard in Resources */ = {isa = PBXBuildFile; fileRef = E5EC3E2A2093393B0014A5CE /* LaunchScreen.storyboard */; };
		ED30FBCEAF5390A1ACDCCFFB /* Pods_pinterestUnsplash.framework in Frameworks */ = {isa = PBXBuildFile; fileRef = 064CB1F76F48153445BE1FC1 /* Pods_pinterestUnsplash.framework */; };
/* End PBXBuildFile section */

/* Begin PBXFileReference section */
		064CB1F76F48153445BE1FC1 /* Pods_pinterestUnsplash.framework */ = {isa = PBXFileReference; explicitFileType = wrapper.framework; includeInIndex = 0; path = Pods_pinterestUnsplash.framework; sourceTree = BUILT_PRODUCTS_DIR; };
		0B8EE17B6F06B97DDC531359 /* Pods-pinterestUnsplash.debug.xcconfig */ = {isa = PBXFileReference; includeInIndex = 1; lastKnownFileType = text.xcconfig; name = "Pods-pinterestUnsplash.debug.xcconfig"; path = "Pods/Target Support Files/Pods-pinterestUnsplash/Pods-pinterestUnsplash.debug.xcconfig"; sourceTree = "<group>"; };
		B43A72E5D0742130C9470E35 /* Pods-pinterestUnsplash.release.xcconfig */ = {isa = PBXFileReference; includeInIndex = 1; lastKnownFileType = text.xcconfig; name = "Pods-pinterestUnsplash.release.xcconfig"; path = "Pods/Target Support Files/Pods-pinterestUnsplash/Pods-pinterestUnsplash.release.xcconfig"; sourceTree = "<group>"; };
		E50B29E32093459A004141BB /* mainPage.swift */ = {isa = PBXFileReference; lastKnownFileType = sourcecode.swift; path = mainPage.swift; sourceTree = "<group>"; };
		E50B29E520936891004141BB /* pinterestLayout.swift */ = {isa = PBXFileReference; fileEncoding = 4; lastKnownFileType = sourcecode.swift; name = pinterestLayout.swift; path = "../../Pintereset Unsplash/Pintereset Unsplash/pinterestLayout.swift"; sourceTree = "<group>"; };
		E50B29E720936942004141BB /* userProfilePage.swift */ = {isa = PBXFileReference; lastKnownFileType = sourcecode.swift; path = userProfilePage.swift; sourceTree = "<group>"; };
		E50B29E920936B91004141BB /* structFiles.swift */ = {isa = PBXFileReference; lastKnownFileType = sourcecode.swift; path = structFiles.swift; sourceTree = "<group>"; };
		E57D2DEF2095A07000CC72F9 /* Reachability.swift */ = {isa = PBXFileReference; fileEncoding = 4; lastKnownFileType = sourcecode.swift; path = Reachability.swift; sourceTree = "<group>"; };
		E5D3FE1A20A74FB100AD7B5C /* userPage.swift */ = {isa = PBXFileReference; lastKnownFileType = sourcecode.swift; path = userPage.swift; sourceTree = "<group>"; };
		E5DF1F5120960BBA00590ECC /* extension.swift */ = {isa = PBXFileReference; fileEncoding = 4; lastKnownFileType = sourcecode.swift; path = extension.swift; sourceTree = "<group>"; };
		E5DF1F532096499800590ECC /* presentImageViewController.swift */ = {isa = PBXFileReference; lastKnownFileType = sourcecode.swift; path = presentImageViewController.swift; sourceTree = "<group>"; };
		E5EC3E1B209339380014A5CE /* pinterestUnsplash.app */ = {isa = PBXFileReference; explicitFileType = wrapper.application; includeInIndex = 0; path = pinterestUnsplash.app; sourceTree = BUILT_PRODUCTS_DIR; };
		E5EC3E1E209339380014A5CE /* AppDelegate.swift */ = {isa = PBXFileReference; lastKnownFileType = sourcecode.swift; path = AppDelegate.swift; sourceTree = "<group>"; };
		E5EC3E20209339380014A5CE /* ViewController.swift */ = {isa = PBXFileReference; lastKnownFileType = sourcecode.swift; path = ViewController.swift; sourceTree = "<group>"; };
		E5EC3E26209339380014A5CE /* pinterestUnsplash.xcdatamodel */ = {isa = PBXFileReference; lastKnownFileType = wrapper.xcdatamodel; path = pinterestUnsplash.xcdatamodel; sourceTree = "<group>"; };
		E5EC3E282093393B0014A5CE /* Assets.xcassets */ = {isa = PBXFileReference; lastKnownFileType = folder.assetcatalog; path = Assets.xcassets; sourceTree = "<group>"; };
		E5EC3E2B2093393B0014A5CE /* Base */ = {isa = PBXFileReference; lastKnownFileType = file.storyboard; name = Base; path = Base.lproj/LaunchScreen.storyboard; sourceTree = "<group>"; };
		E5EC3E2D2093393B0014A5CE /* Info.plist */ = {isa = PBXFileReference; lastKnownFileType = text.plist.xml; path = Info.plist; sourceTree = "<group>"; };
/* End PBXFileReference section */

/* Begin PBXFrameworksBuildPhase section */
		E5EC3E18209339380014A5CE /* Frameworks */ = {
			isa = PBXFrameworksBuildPhase;
			buildActionMask = 2147483647;
			files = (
				ED30FBCEAF5390A1ACDCCFFB /* Pods_pinterestUnsplash.framework in Frameworks */,
			);
			runOnlyForDeploymentPostprocessing = 0;
		};
/* End PBXFrameworksBuildPhase section */

/* Begin PBXGroup section */
		3A521E88B9A8D531949B2195 /* Frameworks */ = {
			isa = PBXGroup;
			children = (
				064CB1F76F48153445BE1FC1 /* Pods_pinterestUnsplash.framework */,
			);
			name = Frameworks;
			sourceTree = "<group>";
		};
		E5EC3E12209339380014A5CE = {
			isa = PBXGroup;
			children = (
				E5EC3E1D209339380014A5CE /* pinterestUnsplash */,
				E5EC3E1C209339380014A5CE /* Products */,
				E6150BF569095197B3C1A29C /* Pods */,
				3A521E88B9A8D531949B2195 /* Frameworks */,
			);
			sourceTree = "<group>";
		};
		E5EC3E1C209339380014A5CE /* Products */ = {
			isa = PBXGroup;
			children = (
				E5EC3E1B209339380014A5CE /* pinterestUnsplash.app */,
			);
			name = Products;
			sourceTree = "<group>";
		};
		E5EC3E1D209339380014A5CE /* pinterestUnsplash */ = {
			isa = PBXGroup;
			children = (
				E5EC3E1E209339380014A5CE /* AppDelegate.swift */,
				E5DF1F5120960BBA00590ECC /* extension.swift */,
				E5DF1F532096499800590ECC /* presentImageViewController.swift */,
				E57D2DEF2095A07000CC72F9 /* Reachability.swift */,
				E50B29E920936B91004141BB /* structFiles.swift */,
				E5EC3E20209339380014A5CE /* ViewController.swift */,
				E50B29E32093459A004141BB /* mainPage.swift */,
				E5D3FE1A20A74FB100AD7B5C /* userPage.swift */,
				E50B29E720936942004141BB /* userProfilePage.swift */,
				E50B29E520936891004141BB /* pinterestLayout.swift */,
				E5EC3E282093393B0014A5CE /* Assets.xcassets */,
				E5EC3E2A2093393B0014A5CE /* LaunchScreen.storyboard */,
				E5EC3E2D2093393B0014A5CE /* Info.plist */,
				E5EC3E25209339380014A5CE /* pinterestUnsplash.xcdatamodeld */,
			);
			path = pinterestUnsplash;
			sourceTree = "<group>";
		};
		E6150BF569095197B3C1A29C /* Pods */ = {
			isa = PBXGroup;
			children = (
				0B8EE17B6F06B97DDC531359 /* Pods-pinterestUnsplash.debug.xcconfig */,
				B43A72E5D0742130C9470E35 /* Pods-pinterestUnsplash.release.xcconfig */,
			);
			name = Pods;
			sourceTree = "<group>";
		};
/* End PBXGroup section */

/* Begin PBXNativeTarget section */
		E5EC3E1A209339380014A5CE /* pinterestUnsplash */ = {
			isa = PBXNativeTarget;
			buildConfigurationList = E5EC3E302093393B0014A5CE /* Build configuration list for PBXNativeTarget "pinterestUnsplash" */;
			buildPhases = (
				B7EFFF2DB855D81442EDB9A4 /* [CP] Check Pods Manifest.lock */,
				E5EC3E17209339380014A5CE /* Sources */,
				E5EC3E18209339380014A5CE /* Frameworks */,
				E5EC3E19209339380014A5CE /* Resources */,
				A21A37BC48B271EF2CA3B44D /* [CP] Embed Pods Frameworks */,
			);
			buildRules = (
			);
			dependencies = (
			);
			name = pinterestUnsplash;
			productName = pinterestUnsplash;
			productReference = E5EC3E1B209339380014A5CE /* pinterestUnsplash.app */;
			productType = "com.apple.product-type.application";
		};
/* End PBXNativeTarget section */

/* Begin PBXProject section */
		E5EC3E13209339380014A5CE /* Project object */ = {
			isa = PBXProject;
			attributes = {
				LastSwiftUpdateCheck = 0930;
				LastUpgradeCheck = 0930;
				ORGANIZATIONNAME = Andrew;
				TargetAttributes = {
					E5EC3E1A209339380014A5CE = {
						CreatedOnToolsVersion = 9.3;
					};
				};
			};
			buildConfigurationList = E5EC3E16209339380014A5CE /* Build configuration list for PBXProject "pinterestUnsplash" */;
			compatibilityVersion = "Xcode 9.3";
			developmentRegion = en;
			hasScannedForEncodings = 0;
			knownRegions = (
				en,
				Base,
			);
			mainGroup = E5EC3E12209339380014A5CE;
			productRefGroup = E5EC3E1C209339380014A5CE /* Products */;
			projectDirPath = "";
			projectRoot = "";
			targets = (
				E5EC3E1A209339380014A5CE /* pinterestUnsplash */,
			);
		};
/* End PBXProject section */

/* Begin PBXResourcesBuildPhase section */
		E5EC3E19209339380014A5CE /* Resources */ = {
			isa = PBXResourcesBuildPhase;
			buildActionMask = 2147483647;
			files = (
				E5EC3E2C2093393B0014A5CE /* LaunchScreen.storyboard in Resources */,
				E5EC3E292093393B0014A5CE /* Assets.xcassets in Resources */,
			);
			runOnlyForDeploymentPostprocessing = 0;
		};
/* End PBXResourcesBuildPhase section */

/* Begin PBXShellScriptBuildPhase section */
		A21A37BC48B271EF2CA3B44D /* [CP] Embed Pods Frameworks */ = {
			isa = PBXShellScriptBuildPhase;
			buildActionMask = 2147483647;
			files = (
			);
			inputPaths = (
				"${SRCROOT}/Pods/Target Support Files/Pods-pinterestUnsplash/Pods-pinterestUnsplash-frameworks.sh",
				"${BUILT_PRODUCTS_DIR}/Alamofire/Alamofire.framework",
				"${BUILT_PRODUCTS_DIR}/Hero/Hero.framework",
			);
			name = "[CP] Embed Pods Frameworks";
			outputPaths = (
				"${TARGET_BUILD_DIR}/${FRAMEWORKS_FOLDER_PATH}/Alamofire.framework",
				"${TARGET_BUILD_DIR}/${FRAMEWORKS_FOLDER_PATH}/Hero.framework",
			);
			runOnlyForDeploymentPostprocessing = 0;
			shellPath = /bin/sh;
			shellScript = "\"${SRCROOT}/Pods/Target Support Files/Pods-pinterestUnsplash/Pods-pinterestUnsplash-frameworks.sh\"\n";
			showEnvVarsInLog = 0;
		};
		B7EFFF2DB855D81442EDB9A4 /* [CP] Check Pods Manifest.lock */ = {
			isa = PBXShellScriptBuildPhase;
			buildActionMask = 2147483647;
			files = (
			);
			inputPaths = (
				"${PODS_PODFILE_DIR_PATH}/Podfile.lock",
				"${PODS_ROOT}/Manifest.lock",
			);
			name = "[CP] Check Pods Manifest.lock";
			outputPaths = (
				"$(DERIVED_FILE_DIR)/Pods-pinterestUnsplash-checkManifestLockResult.txt",
			);
			runOnlyForDeploymentPostprocessing = 0;
			shellPath = /bin/sh;
			shellScript = "diff \"${PODS_PODFILE_DIR_PATH}/Podfile.lock\" \"${PODS_ROOT}/Manifest.lock\" > /dev/null\nif [ $? != 0 ] ; then\n    # print error to STDERR\n    echo \"error: The sandbox is not in sync with the Podfile.lock. Run 'pod install' or update your CocoaPods installation.\" >&2\n    exit 1\nfi\n# This output is used by Xcode 'outputs' to avoid re-running this script phase.\necho \"SUCCESS\" > \"${SCRIPT_OUTPUT_FILE_0}\"\n";
			showEnvVarsInLog = 0;
		};
/* End PBXShellScriptBuildPhase section */

/* Begin PBXSourcesBuildPhase section */
		E5EC3E17209339380014A5CE /* Sources */ = {
			isa = PBXSourcesBuildPhase;
			buildActionMask = 2147483647;
			files = (
				E5EC3E21209339380014A5CE /* ViewController.swift in Sources */,
				E50B29E42093459A004141BB /* mainPage.swift in Sources */,
				E50B29EA20936B91004141BB /* structFiles.swift in Sources */,
				E5DF1F5220960BBA00590ECC /* extension.swift in Sources */,
				E5EC3E27209339380014A5CE /* pinterestUnsplash.xcdatamodeld in Sources */,
				E50B29E620936891004141BB /* pinterestLayout.swift in Sources */,
				E5EC3E1F209339380014A5CE /* AppDelegate.swift in Sources */,
				E57D2DF02095A07000CC72F9 /* Reachability.swift in Sources */,
				E50B29E820936942004141BB /* userProfilePage.swift in Sources */,
				E5DF1F542096499800590ECC /* presentImageViewController.swift in Sources */,
				E5D3FE1B20A74FB100AD7B5C /* userPage.swift in Sources */,
			);
			runOnlyForDeploymentPostprocessing = 0;
		};
/* End PBXSourcesBuildPhase section */

/* Begin PBXVariantGroup section */
		E5EC3E2A2093393B0014A5CE /* LaunchScreen.storyboard */ = {
			isa = PBXVariantGroup;
			children = (
				E5EC3E2B2093393B0014A5CE /* Base */,
			);
			name = LaunchScreen.storyboard;
			sourceTree = "<group>";
		};
/* End PBXVariantGroup section */

/* Begin XCBuildConfiguration section */
		E5EC3E2E2093393B0014A5CE /* Debug */ = {
			isa = XCBuildConfiguration;
			buildSettings = {
				ALWAYS_SEARCH_USER_PATHS = NO;
				CLANG_ANALYZER_NONNULL = YES;
				CLANG_ANALYZER_NUMBER_OBJECT_CONVERSION = YES_AGGRESSIVE;
				CLANG_CXX_LANGUAGE_STANDARD = "gnu++14";
				CLANG_CXX_LIBRARY = "libc++";
				CLANG_ENABLE_MODULES = YES;
				CLANG_ENABLE_OBJC_ARC = YES;
				CLANG_ENABLE_OBJC_WEAK = YES;
				CLANG_WARN_BLOCK_CAPTURE_AUTORELEASING = YES;
				CLANG_WARN_BOOL_CONVERSION = YES;
				CLANG_WARN_COMMA = YES;
				CLANG_WARN_CONSTANT_CONVERSION = YES;
				CLANG_WARN_DEPRECATED_OBJC_IMPLEMENTATIONS = YES;
				CLANG_WARN_DIRECT_OBJC_ISA_USAGE = YES_ERROR;
				CLANG_WARN_DOCUMENTATION_COMMENTS = YES;
				CLANG_WARN_EMPTY_BODY = YES;
				CLANG_WARN_ENUM_CONVERSION = YES;
				CLANG_WARN_INFINITE_RECURSION = YES;
				CLANG_WARN_INT_CONVERSION = YES;
				CLANG_WARN_NON_LITERAL_NULL_CONVERSION = YES;
				CLANG_WARN_OBJC_IMPLICIT_RETAIN_SELF = YES;
				CLANG_WARN_OBJC_LITERAL_CONVERSION = YES;
				CLANG_WARN_OBJC_ROOT_CLASS = YES_ERROR;
				CLANG_WARN_RANGE_LOOP_ANALYSIS = YES;
				CLANG_WARN_STRICT_PROTOTYPES = YES;
				CLANG_WARN_SUSPICIOUS_MOVE = YES;
				CLANG_WARN_UNGUARDED_AVAILABILITY = YES_AGGRESSIVE;
				CLANG_WARN_UNREACHABLE_CODE = YES;
				CLANG_WARN__DUPLICATE_METHOD_MATCH = YES;
				CODE_SIGN_IDENTITY = "iPhone Developer";
				COPY_PHASE_STRIP = NO;
				DEBUG_INFORMATION_FORMAT = dwarf;
				ENABLE_STRICT_OBJC_MSGSEND = YES;
				ENABLE_TESTABILITY = YES;
				GCC_C_LANGUAGE_STANDARD = gnu11;
				GCC_DYNAMIC_NO_PIC = NO;
				GCC_NO_COMMON_BLOCKS = YES;
				GCC_OPTIMIZATION_LEVEL = 0;
				GCC_PREPROCESSOR_DEFINITIONS = (
					"DEBUG=1",
					"$(inherited)",
				);
				GCC_WARN_64_TO_32_BIT_CONVERSION = YES;
				GCC_WARN_ABOUT_RETURN_TYPE = YES_ERROR;
				GCC_WARN_UNDECLARED_SELECTOR = YES;
				GCC_WARN_UNINITIALIZED_AUTOS = YES_AGGRESSIVE;
				GCC_WARN_UNUSED_FUNCTION = YES;
				GCC_WARN_UNUSED_VARIABLE = YES;
				IPHONEOS_DEPLOYMENT_TARGET = 11.3;
				MTL_ENABLE_DEBUG_INFO = YES;
				ONLY_ACTIVE_ARCH = YES;
				SDKROOT = iphoneos;
				SWIFT_ACTIVE_COMPILATION_CONDITIONS = DEBUG;
				SWIFT_OPTIMIZATION_LEVEL = "-Onone";
			};
			name = Debug;
		};
		E5EC3E2F2093393B0014A5CE /* Release */ = {
			isa = XCBuildConfiguration;
			buildSettings = {
				ALWAYS_SEARCH_USER_PATHS = NO;
				CLANG_ANALYZER_NONNULL = YES;
				CLANG_ANALYZER_NUMBER_OBJECT_CONVERSION = YES_AGGRESSIVE;
				CLANG_CXX_LANGUAGE_STANDARD = "gnu++14";
				CLANG_CXX_LIBRARY = "libc++";
				CLANG_ENABLE_MODULES = YES;
				CLANG_ENABLE_OBJC_ARC = YES;
				CLANG_ENABLE_OBJC_WEAK = YES;
				CLANG_WARN_BLOCK_CAPTURE_AUTORELEASING = YES;
				CLANG_WARN_BOOL_CONVERSION = YES;
				CLANG_WARN_COMMA = YES;
				CLANG_WARN_CONSTANT_CONVERSION = YES;
				CLANG_WARN_DEPRECATED_OBJC_IMPLEMENTATIONS = YES;
				CLANG_WARN_DIRECT_OBJC_ISA_USAGE = YES_ERROR;
				CLANG_WARN_DOCUMENTATION_COMMENTS = YES;
				CLANG_WARN_EMPTY_BODY = YES;
				CLANG_WARN_ENUM_CONVERSION = YES;
				CLANG_WARN_INFINITE_RECURSION = YES;
				CLANG_WARN_INT_CONVERSION = YES;
				CLANG_WARN_NON_LITERAL_NULL_CONVERSION = YES;
				CLANG_WARN_OBJC_IMPLICIT_RETAIN_SELF = YES;
				CLANG_WARN_OBJC_LITERAL_CONVERSION = YES;
				CLANG_WARN_OBJC_ROOT_CLASS = YES_ERROR;
				CLANG_WARN_RANGE_LOOP_ANALYSIS = YES;
				CLANG_WARN_STRICT_PROTOTYPES = YES;
				CLANG_WARN_SUSPICIOUS_MOVE = YES;
				CLANG_WARN_UNGUARDED_AVAILABILITY = YES_AGGRESSIVE;
				CLANG_WARN_UNREACHABLE_CODE = YES;
				CLANG_WARN__DUPLICATE_METHOD_MATCH = YES;
				CODE_SIGN_IDENTITY = "iPhone Developer";
				COPY_PHASE_STRIP = NO;
				DEBUG_INFORMATION_FORMAT = "dwarf-with-dsym";
				ENABLE_NS_ASSERTIONS = NO;
				ENABLE_STRICT_OBJC_MSGSEND = YES;
				GCC_C_LANGUAGE_STANDARD = gnu11;
				GCC_NO_COMMON_BLOCKS = YES;
				GCC_WARN_64_TO_32_BIT_CONVERSION = YES;
				GCC_WARN_ABOUT_RETURN_TYPE = YES_ERROR;
				GCC_WARN_UNDECLARED_SELECTOR = YES;
				GCC_WARN_UNINITIALIZED_AUTOS = YES_AGGRESSIVE;
				GCC_WARN_UNUSED_FUNCTION = YES;
				GCC_WARN_UNUSED_VARIABLE = YES;
				IPHONEOS_DEPLOYMENT_TARGET = 11.3;
				MTL_ENABLE_DEBUG_INFO = NO;
				SDKROOT = iphoneos;
				SWIFT_COMPILATION_MODE = wholemodule;
				SWIFT_OPTIMIZATION_LEVEL = "-O";
				VALIDATE_PRODUCT = YES;
			};
			name = Release;
		};
		E5EC3E312093393B0014A5CE /* Debug */ = {
			isa = XCBuildConfiguration;
			baseConfigurationReference = 0B8EE17B6F06B97DDC531359 /* Pods-pinterestUnsplash.debug.xcconfig */;
			buildSettings = {
				ASSETCATALOG_COMPILER_APPICON_NAME = AppIcon;
				CODE_SIGN_STYLE = Automatic;
				DEVELOPMENT_TEAM = GDW2A22A3S;
				INFOPLIST_FILE = pinterestUnsplash/Info.plist;
				IPHONEOS_DEPLOYMENT_TARGET = 11;
				LD_RUNPATH_SEARCH_PATHS = (
					"$(inherited)",
					"@executable_path/Frameworks",
				);
				PRODUCT_BUNDLE_IDENTIFIER = com.pinterestUnsplash;
				PRODUCT_NAME = "$(TARGET_NAME)";
				SWIFT_VERSION = 4.0;
				TARGETED_DEVICE_FAMILY = "1,2";
			};
			name = Debug;
		};
		E5EC3E322093393B0014A5CE /* Release */ = {
			isa = XCBuildConfiguration;
			baseConfigurationReference = B43A72E5D0742130C9470E35 /* Pods-pinterestUnsplash.release.xcconfig */;
			buildSettings = {
				ASSETCATALOG_COMPILER_APPICON_NAME = AppIcon;
				CODE_SIGN_STYLE = Automatic;
				DEVELOPMENT_TEAM = GDW2A22A3S;
				INFOPLIST_FILE = pinterestUnsplash/Info.plist;
				IPHONEOS_DEPLOYMENT_TARGET = 11;
				LD_RUNPATH_SEARCH_PATHS = (
					"$(inherited)",
					"@executable_path/Frameworks",
				);
				PRODUCT_BUNDLE_IDENTIFIER = com.pinterestUnsplash;
				PRODUCT_NAME = "$(TARGET_NAME)";
				SWIFT_VERSION = 4.0;
				TARGETED_DEVICE_FAMILY = "1,2";
			};
			name = Release;
		};
/* End XCBuildConfiguration section */

/* Begin XCConfigurationList section */
		E5EC3E16209339380014A5CE /* Build configuration list for PBXProject "pinterestUnsplash" */ = {
			isa = XCConfigurationList;
			buildConfigurations = (
				E5EC3E2E2093393B0014A5CE /* Debug */,
				E5EC3E2F2093393B0014A5CE /* Release */,
			);
			defaultConfigurationIsVisible = 0;
			defaultConfigurationName = Release;
		};
		E5EC3E302093393B0014A5CE /* Build configuration list for PBXNativeTarget "pinterestUnsplash" */ = {
			isa = XCConfigurationList;
			buildConfigurations = (
				E5EC3E312093393B0014A5CE /* Debug */,
				E5EC3E322093393B0014A5CE /* Release */,
			);
			defaultConfigurationIsVisible = 0;
			defaultConfigurationName = Release;
		};
/* End XCConfigurationList section */

/* Begin XCVersionGroup section */
		E5EC3E25209339380014A5CE /* pinterestUnsplash.xcdatamodeld */ = {
			isa = XCVersionGroup;
			children = (
				E5EC3E26209339380014A5CE /* pinterestUnsplash.xcdatamodel */,
			);
			currentVersion = E5EC3E26209339380014A5CE /* pinterestUnsplash.xcdatamodel */;
			path = pinterestUnsplash.xcdatamodeld;
			sourceTree = "<group>";
			versionGroupType = wrapper.xcdatamodel;
		};
/* End XCVersionGroup section */
	};
	rootObject = E5EC3E13209339380014A5CE /* Project object */;
}
